
Microsoft Visual Studio Solution File, Format Version 12.00
# Visual Studio Version 17
VisualStudioVersion = 17.12.35521.163 d17.12
MinimumVisualStudioVersion = 10.0.40219.1
Project("{FAE04EC0-301F-11D3-BF4B-00C04F79EFBC}") = "Array9", "Array9\Array9.csproj", "{17538BAE-A38D-480D-A6A1-A6A8D2C536EE}"
EndProject
Global
	GlobalSection(SolutionConfigurationPlatforms) = preSolution
		Debug|Any CPU = Debug|Any CPU
		Release|Any CPU = Release|Any CPU
	EndGlobalSection
	GlobalSection(ProjectConfigurationPlatforms) = postSolution
		{17538BAE-A38D-480D-A6A1-A6A8D2C536EE}.Debug|Any CPU.ActiveCfg = Debug|Any CPU
		{17538BAE-A38D-480D-A6A1-A6A8D2C536EE}.Debug|Any CPU.Build.0 = Debug|Any CPU
		{17538BAE-A38D-480D-A6A1-A6A8D2C536EE}.Release|Any CPU.ActiveCfg = Release|Any CPU
		{17538BAE-A38D-480D-A6A1-A6A8D2C536EE}.Release|Any CPU.Build.0 = Release|Any CPU
	EndGlobalSection
	GlobalSection(SolutionProperties) = preSolution
		HideSolutionNode = FALSE
	EndGlobalSection
EndGlobal
