
Microsoft Visual Studio Solution File, Format Version 12.00
# Visual Studio Version 17
VisualStudioVersion = 17.12.35521.163 d17.12
MinimumVisualStudioVersion = 10.0.40219.1
Project("{FAE04EC0-301F-11D3-BF4B-00C04F79EFBC}") = "Array12", "Array12\Array12.csproj", "{EBCCD095-671F-4D32-9812-54579856EF90}"
EndProject
Global
	GlobalSection(SolutionConfigurationPlatforms) = preSolution
		Debug|Any CPU = Debug|Any CPU
		Release|Any CPU = Release|Any CPU
	EndGlobalSection
	GlobalSection(ProjectConfigurationPlatforms) = postSolution
		{EBCCD095-671F-4D32-9812-54579856EF90}.Debug|Any CPU.ActiveCfg = Debug|Any CPU
		{EBCCD095-671F-4D32-9812-54579856EF90}.Debug|Any CPU.Build.0 = Debug|Any CPU
		{EBCCD095-671F-4D32-9812-54579856EF90}.Release|Any CPU.ActiveCfg = Release|Any CPU
		{EBCCD095-671F-4D32-9812-54579856EF90}.Release|Any CPU.Build.0 = Release|Any CPU
	EndGlobalSection
	GlobalSection(SolutionProperties) = preSolution
		HideSolutionNode = FALSE
	EndGlobalSection
EndGlobal
